
Microsoft Visual Studio Solution File, Format Version 12.00
# Visual Studio 2012
Project("{FAE04EC0-301F-11D3-BF4B-00C04F79EFBC}") = "FootballSim", "FootballSim\FootballSim.csproj", "{5FED28E8-285F-463F-A139-49CEA6361B87}"
EndProject
Project("{FAE04EC0-301F-11D3-BF4B-00C04F79EFBC}") = "FootballSim.Tests", "FootballSim.Tests\FootballSim.Tests.csproj", "{36058182-2E67-4DC2-8E6E-58338EFBCA19}"
EndProject
Global
	GlobalSection(SolutionConfigurationPlatforms) = preSolution
		Debug|Any CPU = Debug|Any CPU
		Release|Any CPU = Release|Any CPU
	EndGlobalSection
	GlobalSection(ProjectConfigurationPlatforms) = postSolution
		{5FED28E8-285F-463F-A139-49CEA6361B87}.Debug|Any CPU.ActiveCfg = Debug|Any CPU
		{5FED28E8-285F-463F-A139-49CEA6361B87}.Debug|Any CPU.Build.0 = Debug|Any CPU
		{5FED28E8-285F-463F-A139-49CEA6361B87}.Release|Any CPU.ActiveCfg = Release|Any CPU
		{5FED28E8-285F-463F-A139-49CEA6361B87}.Release|Any CPU.Build.0 = Release|Any CPU
		{36058182-2E67-4DC2-8E6E-58338EFBCA19}.Debug|Any CPU.ActiveCfg = Debug|Any CPU
		{36058182-2E67-4DC2-8E6E-58338EFBCA19}.Debug|Any CPU.Build.0 = Debug|Any CPU
		{36058182-2E67-4DC2-8E6E-58338EFBCA19}.Release|Any CPU.ActiveCfg = Release|Any CPU
		{36058182-2E67-4DC2-8E6E-58338EFBCA19}.Release|Any CPU.Build.0 = Release|Any CPU
	EndGlobalSection
	GlobalSection(SolutionProperties) = preSolution
		HideSolutionNode = FALSE
	EndGlobalSection
EndGlobal
